
Microsoft Visual Studio Solution File, Format Version 10.00
# Visual Studio 2008
Project("{8BC9CEB8-8B4A-11D0-8D11-00A0C91BC942}") = "Counter_EventCounter_Remote", "EventCounter_Remote.vcproj", "{C00BA347-67DE-44C7-BEF4-C71F5DF2FD0F}"
EndProject
Global
	GlobalSection(SolutionConfigurationPlatforms) = preSolution
		Debug|Win32 = Debug|Win32
		Release|Win32 = Release|Win32
	EndGlobalSection
	GlobalSection(ProjectConfigurationPlatforms) = postSolution
		{C00BA347-67DE-44C7-BEF4-C71F5DF2FD0F}.Debug|Win32.ActiveCfg = Debug|Win32
		{C00BA347-67DE-44C7-BEF4-C71F5DF2FD0F}.Debug|Win32.Build.0 = Debug|Win32
		{C00BA347-67DE-44C7-BEF4-C71F5DF2FD0F}.Release|Win32.ActiveCfg = Release|Win32
		{C00BA347-67DE-44C7-BEF4-C71F5DF2FD0F}.Release|Win32.Build.0 = Release|Win32
	EndGlobalSection
	GlobalSection(SolutionProperties) = preSolution
		HideSolutionNode = FALSE
	EndGlobalSection
EndGlobal
