
Microsoft Visual Studio Solution File, Format Version 10.00
# Visual Studio 2008
Project("{8BC9CEB8-8B4A-11D0-8D11-00A0C91BC942}") = "Counter_EventCounter_Remote", "EventCounter_Remote.vcproj", "{164CA735-7D8E-40D0-986D-03A60DD6C2F6}"
EndProject
Global
	GlobalSection(SolutionConfigurationPlatforms) = preSolution
		Debug|Win32 = Debug|Win32
		Release|Win32 = Release|Win32
	EndGlobalSection
	GlobalSection(ProjectConfigurationPlatforms) = postSolution
		{164CA735-7D8E-40D0-986D-03A60DD6C2F6}.Debug|Win32.ActiveCfg = Debug|Win32
		{164CA735-7D8E-40D0-986D-03A60DD6C2F6}.Debug|Win32.Build.0 = Debug|Win32
		{164CA735-7D8E-40D0-986D-03A60DD6C2F6}.Release|Win32.ActiveCfg = Release|Win32
		{164CA735-7D8E-40D0-986D-03A60DD6C2F6}.Release|Win32.Build.0 = Release|Win32
	EndGlobalSection
	GlobalSection(SolutionProperties) = preSolution
		HideSolutionNode = FALSE
	EndGlobalSection
EndGlobal
