
Microsoft Visual Studio Solution File, Format Version 10.00
# Visual Studio 2008
Project("{8BC9CEB8-8B4A-11D0-8D11-00A0C91BC942}") = "DI_StaticDI_Remote", "StaticDI_Remote.vcproj", "{D9567FCE-0BAB-4327-9589-710F48B5880C}"
EndProject
Global
	GlobalSection(SolutionConfigurationPlatforms) = preSolution
		Debug|Win32 = Debug|Win32
		Release|Win32 = Release|Win32
	EndGlobalSection
	GlobalSection(ProjectConfigurationPlatforms) = postSolution
		{D9567FCE-0BAB-4327-9589-710F48B5880C}.Debug|Win32.ActiveCfg = Debug|Win32
		{D9567FCE-0BAB-4327-9589-710F48B5880C}.Debug|Win32.Build.0 = Debug|Win32
		{D9567FCE-0BAB-4327-9589-710F48B5880C}.Release|Win32.ActiveCfg = Release|Win32
		{D9567FCE-0BAB-4327-9589-710F48B5880C}.Release|Win32.Build.0 = Release|Win32
	EndGlobalSection
	GlobalSection(SolutionProperties) = preSolution
		HideSolutionNode = FALSE
	EndGlobalSection
EndGlobal
